{
  "name": "dilate",
  "version": "0.0.1",
  "lockfileVersion": 1,
  "requires": true,
  "dependencies": {
    "@iarna/toml": {
      "version": "2.2.3",
      "resolved": "https://registry.npmjs.org/@iarna/toml/-/toml-2.2.3.tgz",
      "integrity": "sha512-FmuxfCuolpLl0AnQ2NHSzoUKWEJDFl63qXjzdoWBVyFCXzMGm1spBzk7LeHNoVCiWCF7mRVms9e6jEV9+MoPbg=="
    },
    "liquidjs": {
      "version": "9.6.1",
      "resolved": "https://registry.npmjs.org/liquidjs/-/liquidjs-9.6.1.tgz",
      "integrity": "sha512-Wp/i1G6GABvp5AQymph33xy+0Oh3lhp9OmbmCPIIjw3l/c+GSR3bDkCoMGgfuoPV0xeRH8bHk5uAjPrPcFBXJA=="
    },
    "minimist": {
      "version": "1.2.0",
      "resolved": "https://registry.npmjs.org/minimist/-/minimist-1.2.0.tgz",
      "integrity": "sha1-o1AIsg9BOD7sH7kU9M1d95omQoQ="
    }
  }
}
